
Microsoft Visual Studio Solution File, Format Version 12.00
# Visual Studio Version 17
VisualStudioVersion = 17.4.33213.308
MinimumVisualStudioVersion = 10.0.40219.1
Project("{FAE04EC0-301F-11D3-BF4B-00C04F79EFBC}") = "MassChart", "MassChart.csproj", "{6F878F29-BF17-413C-B91A-68F4DAD842B1}"
EndProject
Global
	GlobalSection(SolutionConfigurationPlatforms) = preSolution
		Debug|Any CPU = Debug|Any CPU
		Release|Any CPU = Release|Any CPU
	EndGlobalSection
	GlobalSection(ProjectConfigurationPlatforms) = postSolution
		{6F878F29-BF17-413C-B91A-68F4DAD842B1}.Debug|Any CPU.ActiveCfg = Debug|Any CPU
		{6F878F29-BF17-413C-B91A-68F4DAD842B1}.Debug|Any CPU.Build.0 = Debug|Any CPU
		{6F878F29-BF17-413C-B91A-68F4DAD842B1}.Release|Any CPU.ActiveCfg = Release|Any CPU
		{6F878F29-BF17-413C-B91A-68F4DAD842B1}.Release|Any CPU.Build.0 = Release|Any CPU
	EndGlobalSection
	GlobalSection(SolutionProperties) = preSolution
		HideSolutionNode = FALSE
	EndGlobalSection
	GlobalSection(ExtensibilityGlobals) = postSolution
		SolutionGuid = {A45A790A-8533-436F-9CA3-08543189EEB0}
	EndGlobalSection
EndGlobal
